
Microsoft Visual Studio Solution File, Format Version 12.00
# Visual Studio 15
VisualStudioVersion = 15.0.28307.168
MinimumVisualStudioVersion = 10.0.40219.1
Project("{FAE04EC0-301F-11D3-BF4B-00C04F79EFBC}") = "GameLauncher", "GameLauncher\GameLauncher.csproj", "{E6B23383-3AAB-4A5F-ACC0-FC2C7F4B6A01}"
EndProject
Global
	GlobalSection(SolutionConfigurationPlatforms) = preSolution
		Debug|Any CPU = Debug|Any CPU
		Release|Any CPU = Release|Any CPU
	EndGlobalSection
	GlobalSection(ProjectConfigurationPlatforms) = postSolution
		{E6B23383-3AAB-4A5F-ACC0-FC2C7F4B6A01}.Debug|Any CPU.ActiveCfg = Debug|Any CPU
		{E6B23383-3AAB-4A5F-ACC0-FC2C7F4B6A01}.Debug|Any CPU.Build.0 = Debug|Any CPU
		{E6B23383-3AAB-4A5F-ACC0-FC2C7F4B6A01}.Release|Any CPU.ActiveCfg = Release|Any CPU
		{E6B23383-3AAB-4A5F-ACC0-FC2C7F4B6A01}.Release|Any CPU.Build.0 = Release|Any CPU
	EndGlobalSection
	GlobalSection(SolutionProperties) = preSolution
		HideSolutionNode = FALSE
	EndGlobalSection
	GlobalSection(ExtensibilityGlobals) = postSolution
		SolutionGuid = {B5930B8E-B053-4A91-B799-58CAB64FF2CF}
	EndGlobalSection
EndGlobal
